
Microsoft Visual Studio Solution File, Format Version 12.00
# Visual Studio 14
VisualStudioVersion = 14.0.25420.1
MinimumVisualStudioVersion = 10.0.40219.1
Project("{FAE04EC0-301F-11D3-BF4B-00C04F79EFBC}") = "ConfigCommon", "ConfigCommon\ConfigCommon.csproj", "{02642C7D-E49C-4F71-A88B-65BA5026885E}"
EndProject
Project("{FAE04EC0-301F-11D3-BF4B-00C04F79EFBC}") = "DataCommon", "DataCommon\DataCommon.csproj", "{6FA2D86B-DA87-486F-83BF-62B4474C1F4C}"
EndProject
Global
	GlobalSection(SolutionConfigurationPlatforms) = preSolution
		Debug|Any CPU = Debug|Any CPU
		Debug|x64 = Debug|x64
		Release|Any CPU = Release|Any CPU
		Release|x64 = Release|x64
	EndGlobalSection
	GlobalSection(ProjectConfigurationPlatforms) = postSolution
		{02642C7D-E49C-4F71-A88B-65BA5026885E}.Debug|Any CPU.ActiveCfg = Debug|Any CPU
		{02642C7D-E49C-4F71-A88B-65BA5026885E}.Debug|Any CPU.Build.0 = Debug|Any CPU
		{02642C7D-E49C-4F71-A88B-65BA5026885E}.Debug|x64.ActiveCfg = Debug|x64
		{02642C7D-E49C-4F71-A88B-65BA5026885E}.Debug|x64.Build.0 = Debug|x64
		{02642C7D-E49C-4F71-A88B-65BA5026885E}.Release|Any CPU.ActiveCfg = Release|Any CPU
		{02642C7D-E49C-4F71-A88B-65BA5026885E}.Release|Any CPU.Build.0 = Release|Any CPU
		{02642C7D-E49C-4F71-A88B-65BA5026885E}.Release|x64.ActiveCfg = Release|x64
		{02642C7D-E49C-4F71-A88B-65BA5026885E}.Release|x64.Build.0 = Release|x64
		{6FA2D86B-DA87-486F-83BF-62B4474C1F4C}.Debug|Any CPU.ActiveCfg = Debug|Any CPU
		{6FA2D86B-DA87-486F-83BF-62B4474C1F4C}.Debug|Any CPU.Build.0 = Debug|Any CPU
		{6FA2D86B-DA87-486F-83BF-62B4474C1F4C}.Debug|x64.ActiveCfg = Debug|x64
		{6FA2D86B-DA87-486F-83BF-62B4474C1F4C}.Debug|x64.Build.0 = Debug|x64
		{6FA2D86B-DA87-486F-83BF-62B4474C1F4C}.Release|Any CPU.ActiveCfg = Release|Any CPU
		{6FA2D86B-DA87-486F-83BF-62B4474C1F4C}.Release|Any CPU.Build.0 = Release|Any CPU
		{6FA2D86B-DA87-486F-83BF-62B4474C1F4C}.Release|x64.ActiveCfg = Release|x64
		{6FA2D86B-DA87-486F-83BF-62B4474C1F4C}.Release|x64.Build.0 = Release|x64
	EndGlobalSection
	GlobalSection(SolutionProperties) = preSolution
		HideSolutionNode = FALSE
	EndGlobalSection
EndGlobal
